{
    "hash": "57d1a98dab76a88136388d13db45d849",
    "packages": [
        {
            "name": "pscheit/psc-cms",
            "version": "1.0.0",
            "source": {
                "type": "git",
                "url": "https://github.com/pscheit/psc-cms",
                "reference": "1.0.0"
            },
            "dist": {
                "type": "zip",
                "url": "https://github.com/pscheit/psc-cms/zipball/1.0.0",
                "reference": "1.0.0",
                "shasum": ""
            },
            "require": {
                "php": ">=5.3.2",
                "webforge/testdata-repository": "*"
            },
            "require-dev": {
                "webforge/testdata-repository": "@dev"
            },
            "time": "2012-10-02 11:17:36",
            "type": "library",
            "installation-source": "dist",
            "license": [
                "LGPL"
            ],
            "authors": [
                {
                    "name": "Philipp Scheit",
                    "email": "p.scheit@ps-webforge.com"
                }
            ],
            "description": "A repository for data that you can use to fill your unit tests.",
            "homepage": "http://wiki.ps-webforge.com/psc-cms:start",
            "keywords": [
                "data",
                "unit test",
                "testdata"
            ]
        },
        {
            "name": "webforge/testdata-repository",
            "version": "dev-master",
            "source": {
                "type": "git",
                "url": "https://github.com/pscheit/webforge-testdata-repository.git",
                "reference": "1fd34c31fe81fc82b82224b2ab125a7505740178"
            },
            "dist": {
                "type": "zip",
                "url": "https://github.com/pscheit/webforge-testdata-repository/zipball/1fd34c31fe81fc82b82224b2ab125a7505740178",
                "reference": "1fd34c31fe81fc82b82224b2ab125a7505740178",
                "shasum": ""
            },
            "require": {
                "php": ">=5.3.2"
            },
            "time": "1349258946",
            "type": "library",
            "installation-source": "source",
            "autoload": {
                "psr-0": {
                    "Webforge": [
                        "lib/",
                        "tests/"
                    ]
                }
            },
            "license": [
                "MIT"
            ],
            "authors": [
                {
                    "name": "Philipp Scheit",
                    "email": "p.scheit@ps-webforge.com"
                }
            ],
            "description": "A repository for data that you can use to fill your unit tests.",
            "homepage": "http://github.com/pscheit/webforge-testdata-repository",
            "keywords": [
                "data",
                "unit test",
                "testdata"
            ]
        }
    ],
    "packages-dev": null,
    "aliases": [

    ],
    "minimum-stability": "stable",
    "stability-flags": {
        "webforge/testdata-repository": 20
    }
}
